
Microsoft Visual Studio Solution File, Format Version 12.00
# Visual Studio Version 17
VisualStudioVersion = 17.8.34309.116
MinimumVisualStudioVersion = 10.0.40219.1
Project("{FAE04EC0-301F-11D3-BF4B-00C04F79EFBC}") = "ConfigurationManager", "ConfigurationManager\ConfigurationManager.csproj", "{22EDD399-1CC6-47C8-B8B8-A95FF2999901}"
EndProject
Project("{2150E333-8FDC-42A3-9474-1A3956D46DE8}") = "Templates", "Templates", "{F28F879D-0FA8-488C-A696-BDCCD27099B9}"
	ProjectSection(SolutionItems) = preProject
		ConfigurationManagerAttributes.cs = ConfigurationManagerAttributes.cs
	EndProjectSection
EndProject
Project("{FAE04EC0-301F-11D3-BF4B-00C04F79EFBC}") = "ConfigurationManager.IL2CPP", "ConfigurationManager.IL2CPP\ConfigurationManager.IL2CPP.csproj", "{1144B70F-5FF8-4C60-9862-87698157EE1D}"
EndProject
Project("{FAE04EC0-301F-11D3-BF4B-00C04F79EFBC}") = "BepInEx.KeyboardShortcut.IL2CPP", "BepInEx.KeyboardShortcut\BepInEx.KeyboardShortcut.IL2CPP.csproj", "{731F8BE1-BE79-44B9-BBD7-50BBF77B1C36}"
EndProject
Global
	GlobalSection(SolutionConfigurationPlatforms) = preSolution
		Debug|Any CPU = Debug|Any CPU
		Release|Any CPU = Release|Any CPU
	EndGlobalSection
	GlobalSection(ProjectConfigurationPlatforms) = postSolution
		{22EDD399-1CC6-47C8-B8B8-A95FF2999901}.Debug|Any CPU.ActiveCfg = Debug|Any CPU
		{22EDD399-1CC6-47C8-B8B8-A95FF2999901}.Debug|Any CPU.Build.0 = Debug|Any CPU
		{22EDD399-1CC6-47C8-B8B8-A95FF2999901}.Release|Any CPU.ActiveCfg = Release|Any CPU
		{22EDD399-1CC6-47C8-B8B8-A95FF2999901}.Release|Any CPU.Build.0 = Release|Any CPU
		{1144B70F-5FF8-4C60-9862-87698157EE1D}.Debug|Any CPU.ActiveCfg = Debug|Any CPU
		{1144B70F-5FF8-4C60-9862-87698157EE1D}.Debug|Any CPU.Build.0 = Debug|Any CPU
		{1144B70F-5FF8-4C60-9862-87698157EE1D}.Release|Any CPU.ActiveCfg = Release|Any CPU
		{1144B70F-5FF8-4C60-9862-87698157EE1D}.Release|Any CPU.Build.0 = Release|Any CPU
		{731F8BE1-BE79-44B9-BBD7-50BBF77B1C36}.Debug|Any CPU.ActiveCfg = Debug|Any CPU
		{731F8BE1-BE79-44B9-BBD7-50BBF77B1C36}.Debug|Any CPU.Build.0 = Debug|Any CPU
		{731F8BE1-BE79-44B9-BBD7-50BBF77B1C36}.Release|Any CPU.ActiveCfg = Release|Any CPU
		{731F8BE1-BE79-44B9-BBD7-50BBF77B1C36}.Release|Any CPU.Build.0 = Release|Any CPU
	EndGlobalSection
	GlobalSection(SolutionProperties) = preSolution
		HideSolutionNode = FALSE
	EndGlobalSection
	GlobalSection(ExtensibilityGlobals) = postSolution
		SolutionGuid = {C09747C2-9F25-47B1-946B-C6C6669A528F}
	EndGlobalSection
EndGlobal
